// !$*UTF8*$!
{
	archiveVersion = 1;
	classes = {
	};
	objectVersion = 50;
	objects = {

/* Begin PBXBuildFile section */
		C78BF49A2625C2C6006CF17F /* AppDelegate.swift in Sources */ = {isa = PBXBuildFile; fileRef = C78BF4992625C2C6006CF17F /* AppDelegate.swift */; };
		C78BF49C2625C2C6006CF17F /* SceneDelegate.swift in Sources */ = {isa = PBXBuildFile; fileRef = C78BF49B2625C2C6006CF17F /* SceneDelegate.swift */; };
		C78BF49E2625C2C6006CF17F /* ViewController.swift in Sources */ = {isa = PBXBuildFile; fileRef = C78BF49D2625C2C6006CF17F /* ViewController.swift */; };
		C78BF4A12625C2C6006CF17F /* Main.storyboard in Resources */ = {isa = PBXBuildFile; fileRef = C78BF49F2625C2C6006CF17F /* Main.storyboard */; };
		C78BF4A32625C2CA006CF17F /* Assets.xcassets in Resources */ = {isa = PBXBuildFile; fileRef = C78BF4A22625C2CA006CF17F /* Assets.xcassets */; };
		C78BF4A62625C2CA006CF17F /* LaunchScreen.storyboard in Resources */ = {isa = PBXBuildFile; fileRef = C78BF4A42625C2CA006CF17F /* LaunchScreen.storyboard */; };
		C78BF4B12625C2CA006CF17F /* CardsReviewTests.swift in Sources */ = {isa = PBXBuildFile; fileRef = C78BF4B02625C2CA006CF17F /* CardsReviewTests.swift */; };
		C78BF4BC2625C2CA006CF17F /* CardsReviewUITests.swift in Sources */ = {isa = PBXBuildFile; fileRef = C78BF4BB2625C2CA006CF17F /* CardsReviewUITests.swift */; };
		C78BF4CD2625C2FC006CF17F /* Cards.swift in Sources */ = {isa = PBXBuildFile; fileRef = C78BF4CC2625C2FC006CF17F /* Cards.swift */; };
		C78BF4D22625C313006CF17F /* CardsTableView.swift in Sources */ = {isa = PBXBuildFile; fileRef = C78BF4D12625C313006CF17F /* CardsTableView.swift */; };
		C78BF4D72625C327006CF17F /* PNG in Resources */ = {isa = PBXBuildFile; fileRef = C78BF4D62625C326006CF17F /* PNG */; };
/* End PBXBuildFile section */

/* Begin PBXContainerItemProxy section */
		C78BF4AD2625C2CA006CF17F /* PBXContainerItemProxy */ = {
			isa = PBXContainerItemProxy;
			containerPortal = C78BF48E2625C2C6006CF17F /* Project object */;
			proxyType = 1;
			remoteGlobalIDString = C78BF4952625C2C6006CF17F;
			remoteInfo = CardsReview;
		};
		C78BF4B82625C2CA006CF17F /* PBXContainerItemProxy */ = {
			isa = PBXContainerItemProxy;
			containerPortal = C78BF48E2625C2C6006CF17F /* Project object */;
			proxyType = 1;
			remoteGlobalIDString = C78BF4952625C2C6006CF17F;
			remoteInfo = CardsReview;
		};
/* End PBXContainerItemProxy section */

/* Begin PBXFileReference section */
		C78BF4962625C2C6006CF17F /* CardsReview.app */ = {isa = PBXFileReference; explicitFileType = wrapper.application; includeInIndex = 0; path = CardsReview.app; sourceTree = BUILT_PRODUCTS_DIR; };
		C78BF4992625C2C6006CF17F /* AppDelegate.swift */ = {isa = PBXFileReference; lastKnownFileType = sourcecode.swift; path = AppDelegate.swift; sourceTree = "<group>"; };
		C78BF49B2625C2C6006CF17F /* SceneDelegate.swift */ = {isa = PBXFileReference; lastKnownFileType = sourcecode.swift; path = SceneDelegate.swift; sourceTree = "<group>"; };
		C78BF49D2625C2C6006CF17F /* ViewController.swift */ = {isa = PBXFileReference; lastKnownFileType = sourcecode.swift; path = ViewController.swift; sourceTree = "<group>"; };
		C78BF4A02625C2C6006CF17F /* Base */ = {isa = PBXFileReference; lastKnownFileType = file.storyboard; name = Base; path = Base.lproj/Main.storyboard; sourceTree = "<group>"; };
		C78BF4A22625C2CA006CF17F /* Assets.xcassets */ = {isa = PBXFileReference; lastKnownFileType = folder.assetcatalog; path = Assets.xcassets; sourceTree = "<group>"; };
		C78BF4A52625C2CA006CF17F /* Base */ = {isa = PBXFileReference; lastKnownFileType = file.storyboard; name = Base; path = Base.lproj/LaunchScreen.storyboard; sourceTree = "<group>"; };
		C78BF4A72625C2CA006CF17F /* Info.plist */ = {isa = PBXFileReference; lastKnownFileType = text.plist.xml; path = Info.plist; sourceTree = "<group>"; };
		C78BF4AC2625C2CA006CF17F /* CardsReviewTests.xctest */ = {isa = PBXFileReference; explicitFileType = wrapper.cfbundle; includeInIndex = 0; path = CardsReviewTests.xctest; sourceTree = BUILT_PRODUCTS_DIR; };
		C78BF4B02625C2CA006CF17F /* CardsReviewTests.swift */ = {isa = PBXFileReference; lastKnownFileType = sourcecode.swift; path = CardsReviewTests.swift; sourceTree = "<group>"; };
		C78BF4B22625C2CA006CF17F /* Info.plist */ = {isa = PBXFileReference; lastKnownFileType = text.plist.xml; path = Info.plist; sourceTree = "<group>"; };
		C78BF4B72625C2CA006CF17F /* CardsReviewUITests.xctest */ = {isa = PBXFileReference; explicitFileType = wrapper.cfbundle; includeInIndex = 0; path = CardsReviewUITests.xctest; sourceTree = BUILT_PRODUCTS_DIR; };
		C78BF4BB2625C2CA006CF17F /* CardsReviewUITests.swift */ = {isa = PBXFileReference; lastKnownFileType = sourcecode.swift; path = CardsReviewUITests.swift; sourceTree = "<group>"; };
		C78BF4BD2625C2CA006CF17F /* Info.plist */ = {isa = PBXFileReference; lastKnownFileType = text.plist.xml; path = Info.plist; sourceTree = "<group>"; };
		C78BF4CC2625C2FC006CF17F /* Cards.swift */ = {isa = PBXFileReference; fileEncoding = 4; lastKnownFileType = sourcecode.swift; path = Cards.swift; sourceTree = "<group>"; };
		C78BF4D12625C313006CF17F /* CardsTableView.swift */ = {isa = PBXFileReference; lastKnownFileType = sourcecode.swift; path = CardsTableView.swift; sourceTree = "<group>"; };
		C78BF4D62625C326006CF17F /* PNG */ = {isa = PBXFileReference; lastKnownFileType = folder; path = PNG; sourceTree = "<group>"; };
/* End PBXFileReference section */

/* Begin PBXFrameworksBuildPhase section */
		C78BF4932625C2C6006CF17F /* Frameworks */ = {
			isa = PBXFrameworksBuildPhase;
			buildActionMask = 2147483647;
			files = (
			);
			runOnlyForDeploymentPostprocessing = 0;
		};
		C78BF4A92625C2CA006CF17F /* Frameworks */ = {
			isa = PBXFrameworksBuildPhase;
			buildActionMask = 2147483647;
			files = (
			);
			runOnlyForDeploymentPostprocessing = 0;
		};
		C78BF4B42625C2CA006CF17F /* Frameworks */ = {
			isa = PBXFrameworksBuildPhase;
			buildActionMask = 2147483647;
			files = (
			);
			runOnlyForDeploymentPostprocessing = 0;
		};
/* End PBXFrameworksBuildPhase section */

/* Begin PBXGroup section */
		C78BF48D2625C2C6006CF17F = {
			isa = PBXGroup;
			children = (
				C78BF4D12625C313006CF17F /* CardsTableView.swift */,
				C78BF4D62625C326006CF17F /* PNG */,
				C78BF4982625C2C6006CF17F /* CardsReview */,
				C78BF4AF2625C2CA006CF17F /* CardsReviewTests */,
				C78BF4BA2625C2CA006CF17F /* CardsReviewUITests */,
				C78BF4972625C2C6006CF17F /* Products */,
			);
			sourceTree = "<group>";
		};
		C78BF4972625C2C6006CF17F /* Products */ = {
			isa = PBXGroup;
			children = (
				C78BF4962625C2C6006CF17F /* CardsReview.app */,
				C78BF4AC2625C2CA006CF17F /* CardsReviewTests.xctest */,
				C78BF4B72625C2CA006CF17F /* CardsReviewUITests.xctest */,
			);
			name = Products;
			sourceTree = "<group>";
		};
		C78BF4982625C2C6006CF17F /* CardsReview */ = {
			isa = PBXGroup;
			children = (
				C78BF4992625C2C6006CF17F /* AppDelegate.swift */,
				C78BF49B2625C2C6006CF17F /* SceneDelegate.swift */,
				C78BF4CC2625C2FC006CF17F /* Cards.swift */,
				C78BF49D2625C2C6006CF17F /* ViewController.swift */,
				C78BF49F2625C2C6006CF17F /* Main.storyboard */,
				C78BF4A22625C2CA006CF17F /* Assets.xcassets */,
				C78BF4A42625C2CA006CF17F /* LaunchScreen.storyboard */,
				C78BF4A72625C2CA006CF17F /* Info.plist */,
			);
			path = CardsReview;
			sourceTree = "<group>";
		};
		C78BF4AF2625C2CA006CF17F /* CardsReviewTests */ = {
			isa = PBXGroup;
			children = (
				C78BF4B02625C2CA006CF17F /* CardsReviewTests.swift */,
				C78BF4B22625C2CA006CF17F /* Info.plist */,
			);
			path = CardsReviewTests;
			sourceTree = "<group>";
		};
		C78BF4BA2625C2CA006CF17F /* CardsReviewUITests */ = {
			isa = PBXGroup;
			children = (
				C78BF4BB2625C2CA006CF17F /* CardsReviewUITests.swift */,
				C78BF4BD2625C2CA006CF17F /* Info.plist */,
			);
			path = CardsReviewUITests;
			sourceTree = "<group>";
		};
/* End PBXGroup section */

/* Begin PBXNativeTarget section */
		C78BF4952625C2C6006CF17F /* CardsReview */ = {
			isa = PBXNativeTarget;
			buildConfigurationList = C78BF4C02625C2CA006CF17F /* Build configuration list for PBXNativeTarget "CardsReview" */;
			buildPhases = (
				C78BF4922625C2C6006CF17F /* Sources */,
				C78BF4932625C2C6006CF17F /* Frameworks */,
				C78BF4942625C2C6006CF17F /* Resources */,
			);
			buildRules = (
			);
			dependencies = (
			);
			name = CardsReview;
			productName = CardsReview;
			productReference = C78BF4962625C2C6006CF17F /* CardsReview.app */;
			productType = "com.apple.product-type.application";
		};
		C78BF4AB2625C2CA006CF17F /* CardsReviewTests */ = {
			isa = PBXNativeTarget;
			buildConfigurationList = C78BF4C32625C2CA006CF17F /* Build configuration list for PBXNativeTarget "CardsReviewTests" */;
			buildPhases = (
				C78BF4A82625C2CA006CF17F /* Sources */,
				C78BF4A92625C2CA006CF17F /* Frameworks */,
				C78BF4AA2625C2CA006CF17F /* Resources */,
			);
			buildRules = (
			);
			dependencies = (
				C78BF4AE2625C2CA006CF17F /* PBXTargetDependency */,
			);
			name = CardsReviewTests;
			productName = CardsReviewTests;
			productReference = C78BF4AC2625C2CA006CF17F /* CardsReviewTests.xctest */;
			productType = "com.apple.product-type.bundle.unit-test";
		};
		C78BF4B62625C2CA006CF17F /* CardsReviewUITests */ = {
			isa = PBXNativeTarget;
			buildConfigurationList = C78BF4C62625C2CA006CF17F /* Build configuration list for PBXNativeTarget "CardsReviewUITests" */;
			buildPhases = (
				C78BF4B32625C2CA006CF17F /* Sources */,
				C78BF4B42625C2CA006CF17F /* Frameworks */,
				C78BF4B52625C2CA006CF17F /* Resources */,
			);
			buildRules = (
			);
			dependencies = (
				C78BF4B92625C2CA006CF17F /* PBXTargetDependency */,
			);
			name = CardsReviewUITests;
			productName = CardsReviewUITests;
			productReference = C78BF4B72625C2CA006CF17F /* CardsReviewUITests.xctest */;
			productType = "com.apple.product-type.bundle.ui-testing";
		};
/* End PBXNativeTarget section */

/* Begin PBXProject section */
		C78BF48E2625C2C6006CF17F /* Project object */ = {
			isa = PBXProject;
			attributes = {
				LastSwiftUpdateCheck = 1200;
				LastUpgradeCheck = 1200;
				TargetAttributes = {
					C78BF4952625C2C6006CF17F = {
						CreatedOnToolsVersion = 12.0.1;
					};
					C78BF4AB2625C2CA006CF17F = {
						CreatedOnToolsVersion = 12.0.1;
						TestTargetID = C78BF4952625C2C6006CF17F;
					};
					C78BF4B62625C2CA006CF17F = {
						CreatedOnToolsVersion = 12.0.1;
						TestTargetID = C78BF4952625C2C6006CF17F;
					};
				};
			};
			buildConfigurationList = C78BF4912625C2C6006CF17F /* Build configuration list for PBXProject "CardsReview" */;
			compatibilityVersion = "Xcode 9.3";
			developmentRegion = en;
			hasScannedForEncodings = 0;
			knownRegions = (
				en,
				Base,
			);
			mainGroup = C78BF48D2625C2C6006CF17F;
			productRefGroup = C78BF4972625C2C6006CF17F /* Products */;
			projectDirPath = "";
			projectRoot = "";
			targets = (
				C78BF4952625C2C6006CF17F /* CardsReview */,
				C78BF4AB2625C2CA006CF17F /* CardsReviewTests */,
				C78BF4B62625C2CA006CF17F /* CardsReviewUITests */,
			);
		};
/* End PBXProject section */

/* Begin PBXResourcesBuildPhase section */
		C78BF4942625C2C6006CF17F /* Resources */ = {
			isa = PBXResourcesBuildPhase;
			buildActionMask = 2147483647;
			files = (
				C78BF4D72625C327006CF17F /* PNG in Resources */,
				C78BF4A62625C2CA006CF17F /* LaunchScreen.storyboard in Resources */,
				C78BF4A32625C2CA006CF17F /* Assets.xcassets in Resources */,
				C78BF4A12625C2C6006CF17F /* Main.storyboard in Resources */,
			);
			runOnlyForDeploymentPostprocessing = 0;
		};
		C78BF4AA2625C2CA006CF17F /* Resources */ = {
			isa = PBXResourcesBuildPhase;
			buildActionMask = 2147483647;
			files = (
			);
			runOnlyForDeploymentPostprocessing = 0;
		};
		C78BF4B52625C2CA006CF17F /* Resources */ = {
			isa = PBXResourcesBuildPhase;
			buildActionMask = 2147483647;
			files = (
			);
			runOnlyForDeploymentPostprocessing = 0;
		};
/* End PBXResourcesBuildPhase section */

/* Begin PBXSourcesBuildPhase section */
		C78BF4922625C2C6006CF17F /* Sources */ = {
			isa = PBXSourcesBuildPhase;
			buildActionMask = 2147483647;
			files = (
				C78BF49E2625C2C6006CF17F /* ViewController.swift in Sources */,
				C78BF49A2625C2C6006CF17F /* AppDelegate.swift in Sources */,
				C78BF49C2625C2C6006CF17F /* SceneDelegate.swift in Sources */,
				C78BF4D22625C313006CF17F /* CardsTableView.swift in Sources */,
				C78BF4CD2625C2FC006CF17F /* Cards.swift in Sources */,
			);
			runOnlyForDeploymentPostprocessing = 0;
		};
		C78BF4A82625C2CA006CF17F /* Sources */ = {
			isa = PBXSourcesBuildPhase;
			buildActionMask = 2147483647;
			files = (
				C78BF4B12625C2CA006CF17F /* CardsReviewTests.swift in Sources */,
			);
			runOnlyForDeploymentPostprocessing = 0;
		};
		C78BF4B32625C2CA006CF17F /* Sources */ = {
			isa = PBXSourcesBuildPhase;
			buildActionMask = 2147483647;
			files = (
				C78BF4BC2625C2CA006CF17F /* CardsReviewUITests.swift in Sources */,
			);
			runOnlyForDeploymentPostprocessing = 0;
		};
/* End PBXSourcesBuildPhase section */

/* Begin PBXTargetDependency section */
		C78BF4AE2625C2CA006CF17F /* PBXTargetDependency */ = {
			isa = PBXTargetDependency;
			target = C78BF4952625C2C6006CF17F /* CardsReview */;
			targetProxy = C78BF4AD2625C2CA006CF17F /* PBXContainerItemProxy */;
		};
		C78BF4B92625C2CA006CF17F /* PBXTargetDependency */ = {
			isa = PBXTargetDependency;
			target = C78BF4952625C2C6006CF17F /* CardsReview */;
			targetProxy = C78BF4B82625C2CA006CF17F /* PBXContainerItemProxy */;
		};
/* End PBXTargetDependency section */

/* Begin PBXVariantGroup section */
		C78BF49F2625C2C6006CF17F /* Main.storyboard */ = {
			isa = PBXVariantGroup;
			children = (
				C78BF4A02625C2C6006CF17F /* Base */,
			);
			name = Main.storyboard;
			sourceTree = "<group>";
		};
		C78BF4A42625C2CA006CF17F /* LaunchScreen.storyboard */ = {
			isa = PBXVariantGroup;
			children = (
				C78BF4A52625C2CA006CF17F /* Base */,
			);
			name = LaunchScreen.storyboard;
			sourceTree = "<group>";
		};
/* End PBXVariantGroup section */

/* Begin XCBuildConfiguration section */
		C78BF4BE2625C2CA006CF17F /* Debug */ = {
			isa = XCBuildConfiguration;
			buildSettings = {
				ALWAYS_SEARCH_USER_PATHS = NO;
				CLANG_ANALYZER_NONNULL = YES;
				CLANG_ANALYZER_NUMBER_OBJECT_CONVERSION = YES_AGGRESSIVE;
				CLANG_CXX_LANGUAGE_STANDARD = "gnu++14";
				CLANG_CXX_LIBRARY = "libc++";
				CLANG_ENABLE_MODULES = YES;
				CLANG_ENABLE_OBJC_ARC = YES;
				CLANG_ENABLE_OBJC_WEAK = YES;
				CLANG_WARN_BLOCK_CAPTURE_AUTORELEASING = YES;
				CLANG_WARN_BOOL_CONVERSION = YES;
				CLANG_WARN_COMMA = YES;
				CLANG_WARN_CONSTANT_CONVERSION = YES;
				CLANG_WARN_DEPRECATED_OBJC_IMPLEMENTATIONS = YES;
				CLANG_WARN_DIRECT_OBJC_ISA_USAGE = YES_ERROR;
				CLANG_WARN_DOCUMENTATION_COMMENTS = YES;
				CLANG_WARN_EMPTY_BODY = YES;
				CLANG_WARN_ENUM_CONVERSION = YES;
				CLANG_WARN_INFINITE_RECURSION = YES;
				CLANG_WARN_INT_CONVERSION = YES;
				CLANG_WARN_NON_LITERAL_NULL_CONVERSION = YES;
				CLANG_WARN_OBJC_IMPLICIT_RETAIN_SELF = YES;
				CLANG_WARN_OBJC_LITERAL_CONVERSION = YES;
				CLANG_WARN_OBJC_ROOT_CLASS = YES_ERROR;
				CLANG_WARN_QUOTED_INCLUDE_IN_FRAMEWORK_HEADER = YES;
				CLANG_WARN_RANGE_LOOP_ANALYSIS = YES;
				CLANG_WARN_STRICT_PROTOTYPES = YES;
				CLANG_WARN_SUSPICIOUS_MOVE = YES;
				CLANG_WARN_UNGUARDED_AVAILABILITY = YES_AGGRESSIVE;
				CLANG_WARN_UNREACHABLE_CODE = YES;
				CLANG_WARN__DUPLICATE_METHOD_MATCH = YES;
				COPY_PHASE_STRIP = NO;
				DEBUG_INFORMATION_FORMAT = dwarf;
				ENABLE_STRICT_OBJC_MSGSEND = YES;
				ENABLE_TESTABILITY = YES;
				GCC_C_LANGUAGE_STANDARD = gnu11;
				GCC_DYNAMIC_NO_PIC = NO;
				GCC_NO_COMMON_BLOCKS = YES;
				GCC_OPTIMIZATION_LEVEL = 0;
				GCC_PREPROCESSOR_DEFINITIONS = (
					"DEBUG=1",
					"$(inherited)",
				);
				GCC_WARN_64_TO_32_BIT_CONVERSION = YES;
				GCC_WARN_ABOUT_RETURN_TYPE = YES_ERROR;
				GCC_WARN_UNDECLARED_SELECTOR = YES;
				GCC_WARN_UNINITIALIZED_AUTOS = YES_AGGRESSIVE;
				GCC_WARN_UNUSED_FUNCTION = YES;
				GCC_WARN_UNUSED_VARIABLE = YES;
				IPHONEOS_DEPLOYMENT_TARGET = 14.0;
				MTL_ENABLE_DEBUG_INFO = INCLUDE_SOURCE;
				MTL_FAST_MATH = YES;
				ONLY_ACTIVE_ARCH = YES;
				SDKROOT = iphoneos;
				SWIFT_ACTIVE_COMPILATION_CONDITIONS = DEBUG;
				SWIFT_OPTIMIZATION_LEVEL = "-Onone";
			};
			name = Debug;
		};
		C78BF4BF2625C2CA006CF17F /* Release */ = {
			isa = XCBuildConfiguration;
			buildSettings = {
				ALWAYS_SEARCH_USER_PATHS = NO;
				CLANG_ANALYZER_NONNULL = YES;
				CLANG_ANALYZER_NUMBER_OBJECT_CONVERSION = YES_AGGRESSIVE;
				CLANG_CXX_LANGUAGE_STANDARD = "gnu++14";
				CLANG_CXX_LIBRARY = "libc++";
				CLANG_ENABLE_MODULES = YES;
				CLANG_ENABLE_OBJC_ARC = YES;
				CLANG_ENABLE_OBJC_WEAK = YES;
				CLANG_WARN_BLOCK_CAPTURE_AUTORELEASING = YES;
				CLANG_WARN_BOOL_CONVERSION = YES;
				CLANG_WARN_COMMA = YES;
				CLANG_WARN_CONSTANT_CONVERSION = YES;
				CLANG_WARN_DEPRECATED_OBJC_IMPLEMENTATIONS = YES;
				CLANG_WARN_DIRECT_OBJC_ISA_USAGE = YES_ERROR;
				CLANG_WARN_DOCUMENTATION_COMMENTS = YES;
				CLANG_WARN_EMPTY_BODY = YES;
				CLANG_WARN_ENUM_CONVERSION = YES;
				CLANG_WARN_INFINITE_RECURSION = YES;
				CLANG_WARN_INT_CONVERSION = YES;
				CLANG_WARN_NON_LITERAL_NULL_CONVERSION = YES;
				CLANG_WARN_OBJC_IMPLICIT_RETAIN_SELF = YES;
				CLANG_WARN_OBJC_LITERAL_CONVERSION = YES;
				CLANG_WARN_OBJC_ROOT_CLASS = YES_ERROR;
				CLANG_WARN_QUOTED_INCLUDE_IN_FRAMEWORK_HEADER = YES;
				CLANG_WARN_RANGE_LOOP_ANALYSIS = YES;
				CLANG_WARN_STRICT_PROTOTYPES = YES;
				CLANG_WARN_SUSPICIOUS_MOVE = YES;
				CLANG_WARN_UNGUARDED_AVAILABILITY = YES_AGGRESSIVE;
				CLANG_WARN_UNREACHABLE_CODE = YES;
				CLANG_WARN__DUPLICATE_METHOD_MATCH = YES;
				COPY_PHASE_STRIP = NO;
				DEBUG_INFORMATION_FORMAT = "dwarf-with-dsym";
				ENABLE_NS_ASSERTIONS = NO;
				ENABLE_STRICT_OBJC_MSGSEND = YES;
				GCC_C_LANGUAGE_STANDARD = gnu11;
				GCC_NO_COMMON_BLOCKS = YES;
				GCC_WARN_64_TO_32_BIT_CONVERSION = YES;
				GCC_WARN_ABOUT_RETURN_TYPE = YES_ERROR;
				GCC_WARN_UNDECLARED_SELECTOR = YES;
				GCC_WARN_UNINITIALIZED_AUTOS = YES_AGGRESSIVE;
				GCC_WARN_UNUSED_FUNCTION = YES;
				GCC_WARN_UNUSED_VARIABLE = YES;
				IPHONEOS_DEPLOYMENT_TARGET = 14.0;
				MTL_ENABLE_DEBUG_INFO = NO;
				MTL_FAST_MATH = YES;
				SDKROOT = iphoneos;
				SWIFT_COMPILATION_MODE = wholemodule;
				SWIFT_OPTIMIZATION_LEVEL = "-O";
				VALIDATE_PRODUCT = YES;
			};
			name = Release;
		};
		C78BF4C12625C2CA006CF17F /* Debug */ = {
			isa = XCBuildConfiguration;
			buildSettings = {
				ASSETCATALOG_COMPILER_APPICON_NAME = AppIcon;
				ASSETCATALOG_COMPILER_GLOBAL_ACCENT_COLOR_NAME = AccentColor;
				CODE_SIGN_STYLE = Automatic;
				INFOPLIST_FILE = CardsReview/Info.plist;
				LD_RUNPATH_SEARCH_PATHS = (
					"$(inherited)",
					"@executable_path/Frameworks",
				);
				PRODUCT_BUNDLE_IDENTIFIER = swca.CardsReview;
				PRODUCT_NAME = "$(TARGET_NAME)";
				SWIFT_VERSION = 5.0;
				TARGETED_DEVICE_FAMILY = "1,2";
			};
			name = Debug;
		};
		C78BF4C22625C2CA006CF17F /* Release */ = {
			isa = XCBuildConfiguration;
			buildSettings = {
				ASSETCATALOG_COMPILER_APPICON_NAME = AppIcon;
				ASSETCATALOG_COMPILER_GLOBAL_ACCENT_COLOR_NAME = AccentColor;
				CODE_SIGN_STYLE = Automatic;
				INFOPLIST_FILE = CardsReview/Info.plist;
				LD_RUNPATH_SEARCH_PATHS = (
					"$(inherited)",
					"@executable_path/Frameworks",
				);
				PRODUCT_BUNDLE_IDENTIFIER = swca.CardsReview;
				PRODUCT_NAME = "$(TARGET_NAME)";
				SWIFT_VERSION = 5.0;
				TARGETED_DEVICE_FAMILY = "1,2";
			};
			name = Release;
		};
		C78BF4C42625C2CA006CF17F /* Debug */ = {
			isa = XCBuildConfiguration;
			buildSettings = {
				ALWAYS_EMBED_SWIFT_STANDARD_LIBRARIES = YES;
				BUNDLE_LOADER = "$(TEST_HOST)";
				CODE_SIGN_STYLE = Automatic;
				INFOPLIST_FILE = CardsReviewTests/Info.plist;
				IPHONEOS_DEPLOYMENT_TARGET = 14.0;
				LD_RUNPATH_SEARCH_PATHS = (
					"$(inherited)",
					"@executable_path/Frameworks",
					"@loader_path/Frameworks",
				);
				PRODUCT_BUNDLE_IDENTIFIER = swca.CardsReviewTests;
				PRODUCT_NAME = "$(TARGET_NAME)";
				SWIFT_VERSION = 5.0;
				TARGETED_DEVICE_FAMILY = "1,2";
				TEST_HOST = "$(BUILT_PRODUCTS_DIR)/CardsReview.app/CardsReview";
			};
			name = Debug;
		};
		C78BF4C52625C2CA006CF17F /* Release */ = {
			isa = XCBuildConfiguration;
			buildSettings = {
				ALWAYS_EMBED_SWIFT_STANDARD_LIBRARIES = YES;
				BUNDLE_LOADER = "$(TEST_HOST)";
				CODE_SIGN_STYLE = Automatic;
				INFOPLIST_FILE = CardsReviewTests/Info.plist;
				IPHONEOS_DEPLOYMENT_TARGET = 14.0;
				LD_RUNPATH_SEARCH_PATHS = (
					"$(inherited)",
					"@executable_path/Frameworks",
					"@loader_path/Frameworks",
				);
				PRODUCT_BUNDLE_IDENTIFIER = swca.CardsReviewTests;
				PRODUCT_NAME = "$(TARGET_NAME)";
				SWIFT_VERSION = 5.0;
				TARGETED_DEVICE_FAMILY = "1,2";
				TEST_HOST = "$(BUILT_PRODUCTS_DIR)/CardsReview.app/CardsReview";
			};
			name = Release;
		};
		C78BF4C72625C2CA006CF17F /* Debug */ = {
			isa = XCBuildConfiguration;
			buildSettings = {
				ALWAYS_EMBED_SWIFT_STANDARD_LIBRARIES = YES;
				CODE_SIGN_STYLE = Automatic;
				INFOPLIST_FILE = CardsReviewUITests/Info.plist;
				LD_RUNPATH_SEARCH_PATHS = (
					"$(inherited)",
					"@executable_path/Frameworks",
					"@loader_path/Frameworks",
				);
				PRODUCT_BUNDLE_IDENTIFIER = swca.CardsReviewUITests;
				PRODUCT_NAME = "$(TARGET_NAME)";
				SWIFT_VERSION = 5.0;
				TARGETED_DEVICE_FAMILY = "1,2";
				TEST_TARGET_NAME = CardsReview;
			};
			name = Debug;
		};
		C78BF4C82625C2CA006CF17F /* Release */ = {
			isa = XCBuildConfiguration;
			buildSettings = {
				ALWAYS_EMBED_SWIFT_STANDARD_LIBRARIES = YES;
				CODE_SIGN_STYLE = Automatic;
				INFOPLIST_FILE = CardsReviewUITests/Info.plist;
				LD_RUNPATH_SEARCH_PATHS = (
					"$(inherited)",
					"@executable_path/Frameworks",
					"@loader_path/Frameworks",
				);
				PRODUCT_BUNDLE_IDENTIFIER = swca.CardsReviewUITests;
				PRODUCT_NAME = "$(TARGET_NAME)";
				SWIFT_VERSION = 5.0;
				TARGETED_DEVICE_FAMILY = "1,2";
				TEST_TARGET_NAME = CardsReview;
			};
			name = Release;
		};
/* End XCBuildConfiguration section */

/* Begin XCConfigurationList section */
		C78BF4912625C2C6006CF17F /* Build configuration list for PBXProject "CardsReview" */ = {
			isa = XCConfigurationList;
			buildConfigurations = (
				C78BF4BE2625C2CA006CF17F /* Debug */,
				C78BF4BF2625C2CA006CF17F /* Release */,
			);
			defaultConfigurationIsVisible = 0;
			defaultConfigurationName = Release;
		};
		C78BF4C02625C2CA006CF17F /* Build configuration list for PBXNativeTarget "CardsReview" */ = {
			isa = XCConfigurationList;
			buildConfigurations = (
				C78BF4C12625C2CA006CF17F /* Debug */,
				C78BF4C22625C2CA006CF17F /* Release */,
			);
			defaultConfigurationIsVisible = 0;
			defaultConfigurationName = Release;
		};
		C78BF4C32625C2CA006CF17F /* Build configuration list for PBXNativeTarget "CardsReviewTests" */ = {
			isa = XCConfigurationList;
			buildConfigurations = (
				C78BF4C42625C2CA006CF17F /* Debug */,
				C78BF4C52625C2CA006CF17F /* Release */,
			);
			defaultConfigurationIsVisible = 0;
			defaultConfigurationName = Release;
		};
		C78BF4C62625C2CA006CF17F /* Build configuration list for PBXNativeTarget "CardsReviewUITests" */ = {
			isa = XCConfigurationList;
			buildConfigurations = (
				C78BF4C72625C2CA006CF17F /* Debug */,
				C78BF4C82625C2CA006CF17F /* Release */,
			);
			defaultConfigurationIsVisible = 0;
			defaultConfigurationName = Release;
		};
/* End XCConfigurationList section */
	};
	rootObject = C78BF48E2625C2C6006CF17F /* Project object */;
}
